github.com/luedigernet/moduleDemo v0.0.0-20200205155337-544d72871c6f h1:B+3hJFzUDS/9eZb/KGWB8c0iZnOV4KD7m5TPP/tWdxE=
github.com/luedigernet/moduleDemo v0.0.0-20200205155337-544d72871c6f/go.mod h1:4r2VVJgt5xm8QFm5JOEa/71jr0CcKMCO3jDW+BBZkss=
github.com/luedigernet/moduleDemo v0.0.1 h1:f0OOCLNsGPX8s3NXEJG3vr6qxIPn+GCwLn0yxrwocXE=
github.com/luedigernet/moduleDemo v0.0.1/go.mod h1:4r2VVJgt5xm8QFm5JOEa/71jr0CcKMCO3jDW+BBZkss=
